
Microsoft Visual Studio Solution File, Format Version 12.00
# Visual Studio Version 17
VisualStudioVersion = 17.10.35013.160
MinimumVisualStudioVersion = 10.0.40219.1
Project("{9A19103F-16F7-4668-BE54-9A1E7A4F7556}") = "WebApplication1", "WebApplication1.csproj", "{C1AFE07B-5F76-434A-A59B-296004510F18}"
EndProject
Project("{FAE04EC0-301F-11D3-BF4B-00C04F79EFBC}") = "WebAPITesting", "WebAPITesting\WebAPITesting.csproj", "{E2AFD272-5780-44A9-BE97-D85B19C2F2D7}"
EndProject
Global
	GlobalSection(SolutionConfigurationPlatforms) = preSolution
		Debug|Any CPU = Debug|Any CPU
		Release|Any CPU = Release|Any CPU
	EndGlobalSection
	GlobalSection(ProjectConfigurationPlatforms) = postSolution
		{C1AFE07B-5F76-434A-A59B-296004510F18}.Debug|Any CPU.ActiveCfg = Debug|Any CPU
		{C1AFE07B-5F76-434A-A59B-296004510F18}.Debug|Any CPU.Build.0 = Debug|Any CPU
		{C1AFE07B-5F76-434A-A59B-296004510F18}.Release|Any CPU.ActiveCfg = Release|Any CPU
		{C1AFE07B-5F76-434A-A59B-296004510F18}.Release|Any CPU.Build.0 = Release|Any CPU
		{E2AFD272-5780-44A9-BE97-D85B19C2F2D7}.Debug|Any CPU.ActiveCfg = Debug|Any CPU
		{E2AFD272-5780-44A9-BE97-D85B19C2F2D7}.Debug|Any CPU.Build.0 = Debug|Any CPU
		{E2AFD272-5780-44A9-BE97-D85B19C2F2D7}.Release|Any CPU.ActiveCfg = Release|Any CPU
		{E2AFD272-5780-44A9-BE97-D85B19C2F2D7}.Release|Any CPU.Build.0 = Release|Any CPU
	EndGlobalSection
	GlobalSection(SolutionProperties) = preSolution
		HideSolutionNode = FALSE
	EndGlobalSection
	GlobalSection(ExtensibilityGlobals) = postSolution
		SolutionGuid = {0052B1A6-7C5F-4622-A078-4B4412BFB4E9}
	EndGlobalSection
EndGlobal
